
Microsoft Visual Studio Solution File, Format Version 12.00
# Visual Studio Version 17
VisualStudioVersion = 17.5.33502.453
MinimumVisualStudioVersion = 10.0.40219.1
Project("{FAE04EC0-301F-11D3-BF4B-00C04F79EFBC}") = "MoreSkills", "MoreSkills.csproj", "{10BA59FD-7BFC-46E9-92A3-A7691D15918C}"
EndProject
Global
	GlobalSection(SolutionConfigurationPlatforms) = preSolution
		Debug|Any CPU = Debug|Any CPU
		Release|Any CPU = Release|Any CPU
	EndGlobalSection
	GlobalSection(ProjectConfigurationPlatforms) = postSolution
		{10BA59FD-7BFC-46E9-92A3-A7691D15918C}.Debug|Any CPU.ActiveCfg = Debug|Any CPU
		{10BA59FD-7BFC-46E9-92A3-A7691D15918C}.Debug|Any CPU.Build.0 = Debug|Any CPU
		{10BA59FD-7BFC-46E9-92A3-A7691D15918C}.Release|Any CPU.ActiveCfg = Release|Any CPU
		{10BA59FD-7BFC-46E9-92A3-A7691D15918C}.Release|Any CPU.Build.0 = Release|Any CPU
	EndGlobalSection
	GlobalSection(SolutionProperties) = preSolution
		HideSolutionNode = FALSE
	EndGlobalSection
	GlobalSection(ExtensibilityGlobals) = postSolution
		SolutionGuid = {C833C2A7-306E-478D-B457-DA6EB06A2280}
	EndGlobalSection
EndGlobal
